PODS:
  - SimplePDFViewer (0.1.1):
    - SnapKit (~> 5.0.0)
  - SnapKit (5.0.0)

DEPENDENCIES:
  - SimplePDFViewer (from `../`)

SPEC REPOS:
  https://github.com/cocoapods/specs.git:
    - SnapKit

EXTERNAL SOURCES:
  SimplePDFViewer:
    :path: "../"

SPEC CHECKSUMS:
  SimplePDFViewer: 9a0d82c8019d97785a1862ad3614822e63470435
  SnapKit: fd22d10eb9aff484d79a8724eab922c1ddf89bcf

PODFILE CHECKSUM: 18dc7ac8295a613e8c03ddd4f0a07eb7b52d66b2

COCOAPODS: 1.7.0
